
Microsoft Visual Studio Solution File, Format Version 12.00
# Visual Studio Version 16
VisualStudioVersion = 16.0.30804.86
MinimumVisualStudioVersion = 10.0.40219.1
Project("{8BC9CEB8-8B4A-11D0-8D11-00A0C91BC942}") = "Ataax", "Ataax\Ataax.vcxproj", "{0BFEABE7-A553-472A-B788-620FC175B828}"
EndProject
Global
	GlobalSection(SolutionConfigurationPlatforms) = preSolution
		Debug|x64 = Debug|x64
		Debug|x86 = Debug|x86
		Release|x64 = Release|x64
		Release|x86 = Release|x86
	EndGlobalSection
	GlobalSection(ProjectConfigurationPlatforms) = postSolution
		{0BFEABE7-A553-472A-B788-620FC175B828}.Debug|x64.ActiveCfg = Debug|x64
		{0BFEABE7-A553-472A-B788-620FC175B828}.Debug|x64.Build.0 = Debug|x64
		{0BFEABE7-A553-472A-B788-620FC175B828}.Debug|x86.ActiveCfg = Debug|Win32
		{0BFEABE7-A553-472A-B788-620FC175B828}.Debug|x86.Build.0 = Debug|Win32
		{0BFEABE7-A553-472A-B788-620FC175B828}.Release|x64.ActiveCfg = Release|x64
		{0BFEABE7-A553-472A-B788-620FC175B828}.Release|x64.Build.0 = Release|x64
		{0BFEABE7-A553-472A-B788-620FC175B828}.Release|x86.ActiveCfg = Release|Win32
		{0BFEABE7-A553-472A-B788-620FC175B828}.Release|x86.Build.0 = Release|Win32
	EndGlobalSection
	GlobalSection(SolutionProperties) = preSolution
		HideSolutionNode = FALSE
	EndGlobalSection
	GlobalSection(ExtensibilityGlobals) = postSolution
		SolutionGuid = {7EC50E13-3829-4AD3-8A76-F8E1E7ED65AB}
	EndGlobalSection
EndGlobal
